
Microsoft Visual Studio Solution File, Format Version 12.00
# Visual Studio 15
VisualStudioVersion = 15.0.27703.2018
MinimumVisualStudioVersion = 10.0.40219.1
Project("{9A19103F-16F7-4668-BE54-9A1E7A4F7556}") = "QDash.VSTSAdaptor", "QDash.VSTSAdaptor\QDash.VSTSAdaptor.csproj", "{44A636B3-FDC9-416B-B712-CAA99F1B567F}"
EndProject
Project("{9A19103F-16F7-4668-BE54-9A1E7A4F7556}") = "QDash.JenkinsAdaptor", "QDash.JenkinsAdaptor\QDash.JenkinsAdaptor.csproj", "{728A2AB2-28D4-466A-945A-368CD1471FF9}"
EndProject
Project("{9A19103F-16F7-4668-BE54-9A1E7A4F7556}") = "QDash.Harvester", "QDash.Harvester\QDash.Harvester.csproj", "{CF2AB202-9808-4474-BB26-EA1E1BE9A8DE}"
EndProject
Project("{FAE04EC0-301F-11D3-BF4B-00C04F79EFBC}") = "Runner", "Runner\Runner.csproj", "{F16A3D37-4837-4CC8-88A8-264750699607}"
EndProject
Project("{FAE04EC0-301F-11D3-BF4B-00C04F79EFBC}") = "QDash.Utils", "QDash.Utils\QDash.Utils.csproj", "{97933816-2C62-4E54-BB03-4F8B465B7D79}"
EndProject
Global
	GlobalSection(SolutionConfigurationPlatforms) = preSolution
		Debug|Any CPU = Debug|Any CPU
		Release|Any CPU = Release|Any CPU
	EndGlobalSection
	GlobalSection(ProjectConfigurationPlatforms) = postSolution
		{44A636B3-FDC9-416B-B712-CAA99F1B567F}.Debug|Any CPU.ActiveCfg = Debug|Any CPU
		{44A636B3-FDC9-416B-B712-CAA99F1B567F}.Debug|Any CPU.Build.0 = Debug|Any CPU
		{44A636B3-FDC9-416B-B712-CAA99F1B567F}.Release|Any CPU.ActiveCfg = Release|Any CPU
		{44A636B3-FDC9-416B-B712-CAA99F1B567F}.Release|Any CPU.Build.0 = Release|Any CPU
		{728A2AB2-28D4-466A-945A-368CD1471FF9}.Debug|Any CPU.ActiveCfg = Debug|Any CPU
		{728A2AB2-28D4-466A-945A-368CD1471FF9}.Debug|Any CPU.Build.0 = Debug|Any CPU
		{728A2AB2-28D4-466A-945A-368CD1471FF9}.Release|Any CPU.ActiveCfg = Release|Any CPU
		{728A2AB2-28D4-466A-945A-368CD1471FF9}.Release|Any CPU.Build.0 = Release|Any CPU
		{CF2AB202-9808-4474-BB26-EA1E1BE9A8DE}.Debug|Any CPU.ActiveCfg = Debug|Any CPU
		{CF2AB202-9808-4474-BB26-EA1E1BE9A8DE}.Debug|Any CPU.Build.0 = Debug|Any CPU
		{CF2AB202-9808-4474-BB26-EA1E1BE9A8DE}.Release|Any CPU.ActiveCfg = Release|Any CPU
		{CF2AB202-9808-4474-BB26-EA1E1BE9A8DE}.Release|Any CPU.Build.0 = Release|Any CPU
		{F16A3D37-4837-4CC8-88A8-264750699607}.Debug|Any CPU.ActiveCfg = Debug|Any CPU
		{F16A3D37-4837-4CC8-88A8-264750699607}.Debug|Any CPU.Build.0 = Debug|Any CPU
		{F16A3D37-4837-4CC8-88A8-264750699607}.Release|Any CPU.ActiveCfg = Release|Any CPU
		{F16A3D37-4837-4CC8-88A8-264750699607}.Release|Any CPU.Build.0 = Release|Any CPU
		{97933816-2C62-4E54-BB03-4F8B465B7D79}.Debug|Any CPU.ActiveCfg = Debug|Any CPU
		{97933816-2C62-4E54-BB03-4F8B465B7D79}.Debug|Any CPU.Build.0 = Debug|Any CPU
		{97933816-2C62-4E54-BB03-4F8B465B7D79}.Release|Any CPU.ActiveCfg = Release|Any CPU
		{97933816-2C62-4E54-BB03-4F8B465B7D79}.Release|Any CPU.Build.0 = Release|Any CPU
	EndGlobalSection
	GlobalSection(SolutionProperties) = preSolution
		HideSolutionNode = FALSE
	EndGlobalSection
	GlobalSection(ExtensibilityGlobals) = postSolution
		SolutionGuid = {A604C472-6614-45BA-82A6-4367ADF59007}
	EndGlobalSection
EndGlobal
